
Microsoft Visual Studio Solution File, Format Version 12.00
# Visual Studio 14
VisualStudioVersion = 14.0.25420.1
MinimumVisualStudioVersion = 10.0.40219.1
Project("{FAE04EC0-301F-11D3-BF4B-00C04F79EFBC}") = "ns.Base", "ns.Base\ns.Base.csproj", "{00DCAA11-D1C1-4B68-A20D-94866D2D858C}"
EndProject
Project("{FAE04EC0-301F-11D3-BF4B-00C04F79EFBC}") = "ns.Core", "ns.Core\ns.Core.csproj", "{F62CCCB0-97E5-480F-8096-0448875179A8}"
EndProject
Project("{FAE04EC0-301F-11D3-BF4B-00C04F79EFBC}") = "ns.Plugin.Base", "ns.Plugin.Base\ns.Plugin.Base.csproj", "{5FFCF87E-2A37-49F3-8DA4-40103BCF4871}"
EndProject
Project("{FAE04EC0-301F-11D3-BF4B-00C04F79EFBC}") = "ns.Plugin.AForge", "ns.Plugin.AForge\ns.Plugin.AForge.csproj", "{842B1E18-E1CA-43CB-96BE-AC040A6B0AA1}"
EndProject
Project("{FAE04EC0-301F-11D3-BF4B-00C04F79EFBC}") = "ns.Base.Test", "ns.Base.Test\ns.Base.Test.csproj", "{59794338-5A2D-423C-B21A-17688F3D26A3}"
EndProject
Project("{FAE04EC0-301F-11D3-BF4B-00C04F79EFBC}") = "ns.Core.Test", "ns.Core.Test\ns.Core.Test.csproj", "{CFFE58E7-EB14-486F-9E52-98CB9F3B1823}"
EndProject
Project("{FAE04EC0-301F-11D3-BF4B-00C04F79EFBC}") = "Nidhogg.Service", "Nidhogg.Service\Nidhogg.Service.csproj", "{E4CB033D-2064-4EAE-A8CF-5159AAA64D3C}"
EndProject
Project("{FAE04EC0-301F-11D3-BF4B-00C04F79EFBC}") = "ns.Communication", "ns.Communication\ns.Communication.csproj", "{D2F28739-F6C4-40CE-93A6-46B9CB7B74CA}"
EndProject
Project("{FAE04EC0-301F-11D3-BF4B-00C04F79EFBC}") = "Nidhogg Studio", "Nidhogg Studio\Nidhogg Studio.csproj", "{D709D3AA-39AD-4F0C-BDD3-9790272C87C4}"
EndProject
Project("{FAE04EC0-301F-11D3-BF4B-00C04F79EFBC}") = "ns.GUI.WPF", "ns.GUI.WPF\ns.GUI.WPF.csproj", "{83DE1D37-0C73-4EFF-8762-67FB2CE2F40E}"
EndProject
Project("{2150E333-8FDC-42A3-9474-1A3956D46DE8}") = "Frontend", "Frontend", "{EC4D1910-FAFE-4D51-B267-7028B88211A7}"
EndProject
Project("{2150E333-8FDC-42A3-9474-1A3956D46DE8}") = "Backend", "Backend", "{EE4E2C83-F780-46AC-AA4C-B7518F5A284D}"
EndProject
Project("{2150E333-8FDC-42A3-9474-1A3956D46DE8}") = "Tests", "Tests", "{FE1707F7-AEF8-4E84-A53F-5E112724665E}"
EndProject
Project("{2150E333-8FDC-42A3-9474-1A3956D46DE8}") = "Plugins", "Plugins", "{42BD3A4F-13E9-4245-A49E-4B7D0C7F0C41}"
EndProject
Project("{FAE04EC0-301F-11D3-BF4B-00C04F79EFBC}") = "ns.Communication.Test", "ns.Communication.Test\ns.Communication.Test.csproj", "{9ACEC372-6FB1-492D-BFD0-F02A8AB4366A}"
EndProject
Global
	GlobalSection(SolutionConfigurationPlatforms) = preSolution
		Debug|Any CPU = Debug|Any CPU
		Debug|x64 = Debug|x64
		Release|Any CPU = Release|Any CPU
		Release|x64 = Release|x64
	EndGlobalSection
	GlobalSection(ProjectConfigurationPlatforms) = postSolution
		{00DCAA11-D1C1-4B68-A20D-94866D2D858C}.Debug|Any CPU.ActiveCfg = Debug|Any CPU
		{00DCAA11-D1C1-4B68-A20D-94866D2D858C}.Debug|Any CPU.Build.0 = Debug|Any CPU
		{00DCAA11-D1C1-4B68-A20D-94866D2D858C}.Debug|x64.ActiveCfg = Debug|x64
		{00DCAA11-D1C1-4B68-A20D-94866D2D858C}.Debug|x64.Build.0 = Debug|x64
		{00DCAA11-D1C1-4B68-A20D-94866D2D858C}.Release|Any CPU.ActiveCfg = Release|Any CPU
		{00DCAA11-D1C1-4B68-A20D-94866D2D858C}.Release|Any CPU.Build.0 = Release|Any CPU
		{00DCAA11-D1C1-4B68-A20D-94866D2D858C}.Release|x64.ActiveCfg = Release|x64
		{00DCAA11-D1C1-4B68-A20D-94866D2D858C}.Release|x64.Build.0 = Release|x64
		{F62CCCB0-97E5-480F-8096-0448875179A8}.Debug|Any CPU.ActiveCfg = Debug|Any CPU
		{F62CCCB0-97E5-480F-8096-0448875179A8}.Debug|Any CPU.Build.0 = Debug|Any CPU
		{F62CCCB0-97E5-480F-8096-0448875179A8}.Debug|x64.ActiveCfg = Debug|x64
		{F62CCCB0-97E5-480F-8096-0448875179A8}.Debug|x64.Build.0 = Debug|x64
		{F62CCCB0-97E5-480F-8096-0448875179A8}.Release|Any CPU.ActiveCfg = Release|Any CPU
		{F62CCCB0-97E5-480F-8096-0448875179A8}.Release|Any CPU.Build.0 = Release|Any CPU
		{F62CCCB0-97E5-480F-8096-0448875179A8}.Release|x64.ActiveCfg = Release|x64
		{F62CCCB0-97E5-480F-8096-0448875179A8}.Release|x64.Build.0 = Release|x64
		{5FFCF87E-2A37-49F3-8DA4-40103BCF4871}.Debug|Any CPU.ActiveCfg = Debug|Any CPU
		{5FFCF87E-2A37-49F3-8DA4-40103BCF4871}.Debug|Any CPU.Build.0 = Debug|Any CPU
		{5FFCF87E-2A37-49F3-8DA4-40103BCF4871}.Debug|x64.ActiveCfg = Debug|x64
		{5FFCF87E-2A37-49F3-8DA4-40103BCF4871}.Debug|x64.Build.0 = Debug|x64
		{5FFCF87E-2A37-49F3-8DA4-40103BCF4871}.Release|Any CPU.ActiveCfg = Release|Any CPU
		{5FFCF87E-2A37-49F3-8DA4-40103BCF4871}.Release|Any CPU.Build.0 = Release|Any CPU
		{5FFCF87E-2A37-49F3-8DA4-40103BCF4871}.Release|x64.ActiveCfg = Release|x64
		{5FFCF87E-2A37-49F3-8DA4-40103BCF4871}.Release|x64.Build.0 = Release|x64
		{842B1E18-E1CA-43CB-96BE-AC040A6B0AA1}.Debug|Any CPU.ActiveCfg = Debug|Any CPU
		{842B1E18-E1CA-43CB-96BE-AC040A6B0AA1}.Debug|Any CPU.Build.0 = Debug|Any CPU
		{842B1E18-E1CA-43CB-96BE-AC040A6B0AA1}.Debug|x64.ActiveCfg = Debug|x64
		{842B1E18-E1CA-43CB-96BE-AC040A6B0AA1}.Debug|x64.Build.0 = Debug|x64
		{842B1E18-E1CA-43CB-96BE-AC040A6B0AA1}.Release|Any CPU.ActiveCfg = Release|Any CPU
		{842B1E18-E1CA-43CB-96BE-AC040A6B0AA1}.Release|Any CPU.Build.0 = Release|Any CPU
		{842B1E18-E1CA-43CB-96BE-AC040A6B0AA1}.Release|x64.ActiveCfg = Release|x64
		{842B1E18-E1CA-43CB-96BE-AC040A6B0AA1}.Release|x64.Build.0 = Release|x64
		{59794338-5A2D-423C-B21A-17688F3D26A3}.Debug|Any CPU.ActiveCfg = Debug|x64
		{59794338-5A2D-423C-B21A-17688F3D26A3}.Debug|x64.ActiveCfg = Debug|x64
		{59794338-5A2D-423C-B21A-17688F3D26A3}.Debug|x64.Build.0 = Debug|x64
		{59794338-5A2D-423C-B21A-17688F3D26A3}.Release|Any CPU.ActiveCfg = Release|x64
		{59794338-5A2D-423C-B21A-17688F3D26A3}.Release|x64.ActiveCfg = Release|x64
		{59794338-5A2D-423C-B21A-17688F3D26A3}.Release|x64.Build.0 = Release|x64
		{CFFE58E7-EB14-486F-9E52-98CB9F3B1823}.Debug|Any CPU.ActiveCfg = Debug|x64
		{CFFE58E7-EB14-486F-9E52-98CB9F3B1823}.Debug|x64.ActiveCfg = Debug|x64
		{CFFE58E7-EB14-486F-9E52-98CB9F3B1823}.Debug|x64.Build.0 = Debug|x64
		{CFFE58E7-EB14-486F-9E52-98CB9F3B1823}.Release|Any CPU.ActiveCfg = Release|x64
		{CFFE58E7-EB14-486F-9E52-98CB9F3B1823}.Release|x64.ActiveCfg = Release|x64
		{CFFE58E7-EB14-486F-9E52-98CB9F3B1823}.Release|x64.Build.0 = Release|x64
		{E4CB033D-2064-4EAE-A8CF-5159AAA64D3C}.Debug|Any CPU.ActiveCfg = Debug|x64
		{E4CB033D-2064-4EAE-A8CF-5159AAA64D3C}.Debug|x64.ActiveCfg = Debug|x64
		{E4CB033D-2064-4EAE-A8CF-5159AAA64D3C}.Debug|x64.Build.0 = Debug|x64
		{E4CB033D-2064-4EAE-A8CF-5159AAA64D3C}.Release|Any CPU.ActiveCfg = Release|x64
		{E4CB033D-2064-4EAE-A8CF-5159AAA64D3C}.Release|x64.ActiveCfg = Release|x64
		{E4CB033D-2064-4EAE-A8CF-5159AAA64D3C}.Release|x64.Build.0 = Release|x64
		{D2F28739-F6C4-40CE-93A6-46B9CB7B74CA}.Debug|Any CPU.ActiveCfg = Debug|x64
		{D2F28739-F6C4-40CE-93A6-46B9CB7B74CA}.Debug|x64.ActiveCfg = Debug|x64
		{D2F28739-F6C4-40CE-93A6-46B9CB7B74CA}.Debug|x64.Build.0 = Debug|x64
		{D2F28739-F6C4-40CE-93A6-46B9CB7B74CA}.Release|Any CPU.ActiveCfg = Release|x64
		{D2F28739-F6C4-40CE-93A6-46B9CB7B74CA}.Release|x64.ActiveCfg = Release|x64
		{D2F28739-F6C4-40CE-93A6-46B9CB7B74CA}.Release|x64.Build.0 = Release|x64
		{D709D3AA-39AD-4F0C-BDD3-9790272C87C4}.Debug|Any CPU.ActiveCfg = Debug|Any CPU
		{D709D3AA-39AD-4F0C-BDD3-9790272C87C4}.Debug|Any CPU.Build.0 = Debug|Any CPU
		{D709D3AA-39AD-4F0C-BDD3-9790272C87C4}.Debug|x64.ActiveCfg = Debug|x64
		{D709D3AA-39AD-4F0C-BDD3-9790272C87C4}.Debug|x64.Build.0 = Debug|x64
		{D709D3AA-39AD-4F0C-BDD3-9790272C87C4}.Release|Any CPU.ActiveCfg = Release|Any CPU
		{D709D3AA-39AD-4F0C-BDD3-9790272C87C4}.Release|Any CPU.Build.0 = Release|Any CPU
		{D709D3AA-39AD-4F0C-BDD3-9790272C87C4}.Release|x64.ActiveCfg = Release|x64
		{D709D3AA-39AD-4F0C-BDD3-9790272C87C4}.Release|x64.Build.0 = Release|x64
		{83DE1D37-0C73-4EFF-8762-67FB2CE2F40E}.Debug|Any CPU.ActiveCfg = Debug|Any CPU
		{83DE1D37-0C73-4EFF-8762-67FB2CE2F40E}.Debug|Any CPU.Build.0 = Debug|Any CPU
		{83DE1D37-0C73-4EFF-8762-67FB2CE2F40E}.Debug|x64.ActiveCfg = Debug|x64
		{83DE1D37-0C73-4EFF-8762-67FB2CE2F40E}.Debug|x64.Build.0 = Debug|x64
		{83DE1D37-0C73-4EFF-8762-67FB2CE2F40E}.Release|Any CPU.ActiveCfg = Release|Any CPU
		{83DE1D37-0C73-4EFF-8762-67FB2CE2F40E}.Release|Any CPU.Build.0 = Release|Any CPU
		{83DE1D37-0C73-4EFF-8762-67FB2CE2F40E}.Release|x64.ActiveCfg = Release|x64
		{83DE1D37-0C73-4EFF-8762-67FB2CE2F40E}.Release|x64.Build.0 = Release|x64
		{9ACEC372-6FB1-492D-BFD0-F02A8AB4366A}.Debug|Any CPU.ActiveCfg = Debug|x64
		{9ACEC372-6FB1-492D-BFD0-F02A8AB4366A}.Debug|x64.ActiveCfg = Debug|x64
		{9ACEC372-6FB1-492D-BFD0-F02A8AB4366A}.Debug|x64.Build.0 = Debug|x64
		{9ACEC372-6FB1-492D-BFD0-F02A8AB4366A}.Release|Any CPU.ActiveCfg = Release|x64
		{9ACEC372-6FB1-492D-BFD0-F02A8AB4366A}.Release|x64.ActiveCfg = Release|x64
		{9ACEC372-6FB1-492D-BFD0-F02A8AB4366A}.Release|x64.Build.0 = Release|x64
	EndGlobalSection
	GlobalSection(SolutionProperties) = preSolution
		HideSolutionNode = FALSE
	EndGlobalSection
	GlobalSection(NestedProjects) = preSolution
		{F62CCCB0-97E5-480F-8096-0448875179A8} = {EE4E2C83-F780-46AC-AA4C-B7518F5A284D}
		{5FFCF87E-2A37-49F3-8DA4-40103BCF4871} = {42BD3A4F-13E9-4245-A49E-4B7D0C7F0C41}
		{842B1E18-E1CA-43CB-96BE-AC040A6B0AA1} = {42BD3A4F-13E9-4245-A49E-4B7D0C7F0C41}
		{59794338-5A2D-423C-B21A-17688F3D26A3} = {FE1707F7-AEF8-4E84-A53F-5E112724665E}
		{CFFE58E7-EB14-486F-9E52-98CB9F3B1823} = {FE1707F7-AEF8-4E84-A53F-5E112724665E}
		{E4CB033D-2064-4EAE-A8CF-5159AAA64D3C} = {EE4E2C83-F780-46AC-AA4C-B7518F5A284D}
		{D2F28739-F6C4-40CE-93A6-46B9CB7B74CA} = {EE4E2C83-F780-46AC-AA4C-B7518F5A284D}
		{D709D3AA-39AD-4F0C-BDD3-9790272C87C4} = {EC4D1910-FAFE-4D51-B267-7028B88211A7}
		{83DE1D37-0C73-4EFF-8762-67FB2CE2F40E} = {EC4D1910-FAFE-4D51-B267-7028B88211A7}
		{9ACEC372-6FB1-492D-BFD0-F02A8AB4366A} = {FE1707F7-AEF8-4E84-A53F-5E112724665E}
	EndGlobalSection
EndGlobal
